{
  "requires": true,
  "lockfileVersion": 1,
  "dependencies": {
    "gsmendoza-palindrome": {
      "version": "0.1.0",
      "resolved": "https://registry.npmjs.org/gsmendoza-palindrome/-/gsmendoza-palindrome-0.1.0.tgz",
      "integrity": "sha512-8l/+lkA0dXWoRbUywh2HkcwcYfwWC92LxO/RD5qBDYCCIDKrQvh45YuGoC7MVJ8CkQZsJBKh8X64phhH48v81A=="
    }
  }
}
